
Microsoft Visual Studio Solution File, Format Version 12.00
# Visual Studio Version 16
VisualStudioVersion = 16.0.31205.134
MinimumVisualStudioVersion = 10.0.40219.1
Project("{FAE04EC0-301F-11D3-BF4B-00C04F79EFBC}") = "Store Bill", "Store Bill\Store Bill.csproj", "{A3D7354C-EE88-42EB-9982-B17FAECE5BEF}"
EndProject
Global
	GlobalSection(SolutionConfigurationPlatforms) = preSolution
		Debug|Any CPU = Debug|Any CPU
		Release|Any CPU = Release|Any CPU
	EndGlobalSection
	GlobalSection(ProjectConfigurationPlatforms) = postSolution
		{A3D7354C-EE88-42EB-9982-B17FAECE5BEF}.Debug|Any CPU.ActiveCfg = Debug|Any CPU
		{A3D7354C-EE88-42EB-9982-B17FAECE5BEF}.Debug|Any CPU.Build.0 = Debug|Any CPU
		{A3D7354C-EE88-42EB-9982-B17FAECE5BEF}.Release|Any CPU.ActiveCfg = Release|Any CPU
		{A3D7354C-EE88-42EB-9982-B17FAECE5BEF}.Release|Any CPU.Build.0 = Release|Any CPU
	EndGlobalSection
	GlobalSection(SolutionProperties) = preSolution
		HideSolutionNode = FALSE
	EndGlobalSection
	GlobalSection(ExtensibilityGlobals) = postSolution
		SolutionGuid = {99AFB6CB-52CB-443C-A7D1-6274C9D521D1}
	EndGlobalSection
EndGlobal
